
Microsoft Visual Studio Solution File, Format Version 12.00
# Visual Studio Version 17
VisualStudioVersion = 17.6.33723.286
MinimumVisualStudioVersion = 10.0.40219.1
Project("{FAE04EC0-301F-11D3-BF4B-00C04F79EFBC}") = "Session1_BoilerPlate", "Session1_BoilerPlate.csproj", "{BCC063FA-E958-4F6B-AA59-FC409B45D116}"
EndProject
Global
	GlobalSection(SolutionConfigurationPlatforms) = preSolution
		Debug|Any CPU = Debug|Any CPU
		Release|Any CPU = Release|Any CPU
	EndGlobalSection
	GlobalSection(ProjectConfigurationPlatforms) = postSolution
		{BCC063FA-E958-4F6B-AA59-FC409B45D116}.Debug|Any CPU.ActiveCfg = Debug|Any CPU
		{BCC063FA-E958-4F6B-AA59-FC409B45D116}.Debug|Any CPU.Build.0 = Debug|Any CPU
		{BCC063FA-E958-4F6B-AA59-FC409B45D116}.Release|Any CPU.ActiveCfg = Release|Any CPU
		{BCC063FA-E958-4F6B-AA59-FC409B45D116}.Release|Any CPU.Build.0 = Release|Any CPU
	EndGlobalSection
	GlobalSection(SolutionProperties) = preSolution
		HideSolutionNode = FALSE
	EndGlobalSection
	GlobalSection(ExtensibilityGlobals) = postSolution
		SolutionGuid = {5B3B7A0C-EC02-4D61-9045-2CAB26E81BD0}
	EndGlobalSection
EndGlobal
